{
  "requires": true,
  "lockfileVersion": 1,
  "dependencies": {
    "maplace-js": {
      "version": "0.2.10",
      "resolved": "https://registry.npmjs.org/maplace-js/-/maplace-js-0.2.10.tgz",
      "integrity": "sha1-/eejFND+2CTQtSezwDnEjVfypzA=",
      "requires": {
        "jquery": "2.1.4"
      },
      "dependencies": {
        "jquery": {
          "version": "2.1.4",
          "resolved": "https://registry.npmjs.org/jquery/-/jquery-2.1.4.tgz",
          "integrity": "sha1-IoveaYoMYUMdwmMKahVPFYkNIxc="
        }
      }
    }
  }
}
